
Microsoft Visual Studio Solution File, Format Version 12.00
# Visual Studio Version 17
VisualStudioVersion = 17.9.34701.34
MinimumVisualStudioVersion = 10.0.40219.1
Project("{FAE04EC0-301F-11D3-BF4B-00C04F79EFBC}") = "Microservice.Web.Frontend", "Microservice.Web.Frontend\Microservice.Web.Frontend.csproj", "{5F1C8931-55BA-4C36-B859-B8480E651635}"
EndProject
Global
	GlobalSection(SolutionConfigurationPlatforms) = preSolution
		Debug|Any CPU = Debug|Any CPU
		Release|Any CPU = Release|Any CPU
	EndGlobalSection
	GlobalSection(ProjectConfigurationPlatforms) = postSolution
		{5F1C8931-55BA-4C36-B859-B8480E651635}.Debug|Any CPU.ActiveCfg = Debug|Any CPU
		{5F1C8931-55BA-4C36-B859-B8480E651635}.Debug|Any CPU.Build.0 = Debug|Any CPU
		{5F1C8931-55BA-4C36-B859-B8480E651635}.Release|Any CPU.ActiveCfg = Release|Any CPU
		{5F1C8931-55BA-4C36-B859-B8480E651635}.Release|Any CPU.Build.0 = Release|Any CPU
	EndGlobalSection
	GlobalSection(SolutionProperties) = preSolution
		HideSolutionNode = FALSE
	EndGlobalSection
	GlobalSection(ExtensibilityGlobals) = postSolution
		SolutionGuid = {808C1DEC-20BD-4280-8BD5-4BAFE3505CBC}
	EndGlobalSection
EndGlobal
